
Microsoft Visual Studio Solution File, Format Version 12.00
# Visual Studio Version 16
VisualStudioVersion = 16.0.30413.136
MinimumVisualStudioVersion = 10.0.40219.1
Project("{8BC9CEB8-8B4A-11D0-8D11-00A0C91BC942}") = "const", "const\const.vcxproj", "{3B37E7E8-B4A2-4A17-9E0B-3EAD705D2AE6}"
EndProject
Project("{8BC9CEB8-8B4A-11D0-8D11-00A0C91BC942}") = "mutable", "mutable\mutable.vcxproj", "{A114509B-6CCD-4DD4-BFA3-373EA1B2ACDA}"
EndProject
Project("{8BC9CEB8-8B4A-11D0-8D11-00A0C91BC942}") = "static", "static\static.vcxproj", "{531671DA-C38D-4595-97C7-71FE4CD7B685}"
EndProject
Project("{8BC9CEB8-8B4A-11D0-8D11-00A0C91BC942}") = "this", "this\this.vcxproj", "{C2802F8E-53BE-4D64-9DF8-7749C4B4BD4A}"
EndProject
Project("{8BC9CEB8-8B4A-11D0-8D11-00A0C91BC942}") = "inline", "inline\inline.vcxproj", "{A82B1641-A094-4752-85DC-5034A92F289D}"
EndProject
Project("{8BC9CEB8-8B4A-11D0-8D11-00A0C91BC942}") = "virtual_function", "virtual_function\virtual_function.vcxproj", "{C425AD40-8113-45FC-87F0-2079FF1E4589}"
EndProject
Project("{8BC9CEB8-8B4A-11D0-8D11-00A0C91BC942}") = "overload", "overload\function_overload.vcxproj", "{8493647F-8185-433F-9A0A-44049F5EBB75}"
EndProject
Project("{8BC9CEB8-8B4A-11D0-8D11-00A0C91BC942}") = "enum", "enum\enum.vcxproj", "{91A230B2-37AB-469B-AC68-F85A41A92038}"
EndProject
Project("{8BC9CEB8-8B4A-11D0-8D11-00A0C91BC942}") = "struct_and_class", "struct_and_class\struct_and_class.vcxproj", "{173F171E-FC69-4224-AE9D-6B539C07CFD8}"
EndProject
Project("{8BC9CEB8-8B4A-11D0-8D11-00A0C91BC942}") = "interface", "interface\interface.vcxproj", "{DE9780F5-7605-4DF3-8573-0D8D8C124604}"
EndProject
Project("{8BC9CEB8-8B4A-11D0-8D11-00A0C91BC942}") = "public_private_protected", "public_private_protected\public_private_protected.vcxproj", "{C3F5749C-0900-41F9-B64B-1E94F3D2822E}"
EndProject
Project("{8BC9CEB8-8B4A-11D0-8D11-00A0C91BC942}") = "array", "array\array.vcxproj", "{53888FE1-F16E-43DA-8168-AB03C8D51C5B}"
EndProject
Project("{8BC9CEB8-8B4A-11D0-8D11-00A0C91BC942}") = "string", "string\string.vcxproj", "{93020CB8-A478-41D3-B802-0425FA8CF9AC}"
EndProject
Project("{8BC9CEB8-8B4A-11D0-8D11-00A0C91BC942}") = "initializing_list", "initializing_list\initializing_list.vcxproj", "{0C666141-C2BB-41B0-9908-EB49F9B8BC92}"
EndProject
Project("{8BC9CEB8-8B4A-11D0-8D11-00A0C91BC942}") = "conditional_assignment", "conditional_assignment\conditional_assignment.vcxproj", "{73E1CA14-6306-4FB8-ACDA-9C28AFE5A738}"
EndProject
Project("{8BC9CEB8-8B4A-11D0-8D11-00A0C91BC942}") = "instantiate", "instantiate\instantiate.vcxproj", "{E708CD0C-49C4-4E85-BD74-18B954E978E8}"
EndProject
Project("{8BC9CEB8-8B4A-11D0-8D11-00A0C91BC942}") = "new", "new\new.vcxproj", "{EF7C95CD-CEA3-4E31-BF8E-221E967131D6}"
EndProject
Project("{8BC9CEB8-8B4A-11D0-8D11-00A0C91BC942}") = "implicit_conversion_and_explicit", "implicit_conversion_and_explicit\implicit_conversion_and_explicit.vcxproj", "{723D534F-50DF-48F1-8217-E154D2514CBD}"
EndProject
Project("{8BC9CEB8-8B4A-11D0-8D11-00A0C91BC942}") = "scope", "scope\scope.vcxproj", "{C3776303-C9DF-4024-B2C8-0959F815997B}"
EndProject
Project("{8BC9CEB8-8B4A-11D0-8D11-00A0C91BC942}") = "smart_pointer", "smart_pointer\smart_pointer.vcxproj", "{482CBEC4-30F2-4C58-BE68-F24D86736A6E}"
EndProject
Project("{8BC9CEB8-8B4A-11D0-8D11-00A0C91BC942}") = "copy", "copy\copy.vcxproj", "{033A3DA8-C5ED-488A-9CD5-164C7ED4E509}"
EndProject
Project("{8BC9CEB8-8B4A-11D0-8D11-00A0C91BC942}") = "arrow_operator", "arrow_operator\arrow_operator.vcxproj", "{8516B9CD-3EDC-4BC2-A07F-FFF86A224AE6}"
EndProject
Project("{8BC9CEB8-8B4A-11D0-8D11-00A0C91BC942}") = "vector", "vector\vector.vcxproj", "{91091246-81F5-463D-92C2-62237A5103BB}"
EndProject
Project("{8BC9CEB8-8B4A-11D0-8D11-00A0C91BC942}") = "static_library", "static_library\static_library.vcxproj", "{594515BE-E7B5-431E-A423-22D2F30203B8}"
EndProject
Project("{8BC9CEB8-8B4A-11D0-8D11-00A0C91BC942}") = "dynamic_library", "dynamic_library\dynamic_library.vcxproj", "{222D4F4B-4252-4A66-949C-54A0DA0535A4}"
EndProject
Project("{8BC9CEB8-8B4A-11D0-8D11-00A0C91BC942}") = "multiple_return", "multiple_return\multiple_return.vcxproj", "{28EB34EE-DC27-498B-9A53-6D7B35249021}"
EndProject
Project("{8BC9CEB8-8B4A-11D0-8D11-00A0C91BC942}") = "template", "template\template.vcxproj", "{4190A3D6-7642-4112-A0FC-AC5A3A09F982}"
EndProject
Project("{8BC9CEB8-8B4A-11D0-8D11-00A0C91BC942}") = "macro", "macro\macro.vcxproj", "{1A3BCD0A-DAB6-4765-A514-A10F7FEC347F}"
EndProject
Project("{8BC9CEB8-8B4A-11D0-8D11-00A0C91BC942}") = "auto", "auto\auto.vcxproj", "{A8C324AA-A22F-4DDB-A540-DB3439517857}"
EndProject
Project("{8BC9CEB8-8B4A-11D0-8D11-00A0C91BC942}") = "static_array", "static_array\static_array.vcxproj", "{7DF3418E-F004-41D0-BA1F-CB7FA4F6FD50}"
EndProject
Project("{8BC9CEB8-8B4A-11D0-8D11-00A0C91BC942}") = "function_pointer", "function_pointer\function_pointer.vcxproj", "{B54A993E-26AC-4A0E-ADAE-E85B1E851634}"
EndProject
Project("{8BC9CEB8-8B4A-11D0-8D11-00A0C91BC942}") = "lambdas", "lambdas\lambdas.vcxproj", "{5AD7C385-E1CA-4126-8E97-675EFFD1F6CC}"
EndProject
Global
	GlobalSection(SolutionConfigurationPlatforms) = preSolution
		Debug|x64 = Debug|x64
		Debug|x86 = Debug|x86
		Release|x64 = Release|x64
		Release|x86 = Release|x86
	EndGlobalSection
	GlobalSection(ProjectConfigurationPlatforms) = postSolution
		{3B37E7E8-B4A2-4A17-9E0B-3EAD705D2AE6}.Debug|x64.ActiveCfg = Debug|x64
		{3B37E7E8-B4A2-4A17-9E0B-3EAD705D2AE6}.Debug|x64.Build.0 = Debug|x64
		{3B37E7E8-B4A2-4A17-9E0B-3EAD705D2AE6}.Debug|x86.ActiveCfg = Debug|Win32
		{3B37E7E8-B4A2-4A17-9E0B-3EAD705D2AE6}.Debug|x86.Build.0 = Debug|Win32
		{3B37E7E8-B4A2-4A17-9E0B-3EAD705D2AE6}.Release|x64.ActiveCfg = Release|x64
		{3B37E7E8-B4A2-4A17-9E0B-3EAD705D2AE6}.Release|x64.Build.0 = Release|x64
		{3B37E7E8-B4A2-4A17-9E0B-3EAD705D2AE6}.Release|x86.ActiveCfg = Release|Win32
		{3B37E7E8-B4A2-4A17-9E0B-3EAD705D2AE6}.Release|x86.Build.0 = Release|Win32
		{A114509B-6CCD-4DD4-BFA3-373EA1B2ACDA}.Debug|x64.ActiveCfg = Debug|x64
		{A114509B-6CCD-4DD4-BFA3-373EA1B2ACDA}.Debug|x64.Build.0 = Debug|x64
		{A114509B-6CCD-4DD4-BFA3-373EA1B2ACDA}.Debug|x86.ActiveCfg = Debug|Win32
		{A114509B-6CCD-4DD4-BFA3-373EA1B2ACDA}.Debug|x86.Build.0 = Debug|Win32
		{A114509B-6CCD-4DD4-BFA3-373EA1B2ACDA}.Release|x64.ActiveCfg = Release|x64
		{A114509B-6CCD-4DD4-BFA3-373EA1B2ACDA}.Release|x64.Build.0 = Release|x64
		{A114509B-6CCD-4DD4-BFA3-373EA1B2ACDA}.Release|x86.ActiveCfg = Release|Win32
		{A114509B-6CCD-4DD4-BFA3-373EA1B2ACDA}.Release|x86.Build.0 = Release|Win32
		{531671DA-C38D-4595-97C7-71FE4CD7B685}.Debug|x64.ActiveCfg = Debug|x64
		{531671DA-C38D-4595-97C7-71FE4CD7B685}.Debug|x64.Build.0 = Debug|x64
		{531671DA-C38D-4595-97C7-71FE4CD7B685}.Debug|x86.ActiveCfg = Debug|Win32
		{531671DA-C38D-4595-97C7-71FE4CD7B685}.Debug|x86.Build.0 = Debug|Win32
		{531671DA-C38D-4595-97C7-71FE4CD7B685}.Release|x64.ActiveCfg = Release|x64
		{531671DA-C38D-4595-97C7-71FE4CD7B685}.Release|x64.Build.0 = Release|x64
		{531671DA-C38D-4595-97C7-71FE4CD7B685}.Release|x86.ActiveCfg = Release|Win32
		{531671DA-C38D-4595-97C7-71FE4CD7B685}.Release|x86.Build.0 = Release|Win32
		{C2802F8E-53BE-4D64-9DF8-7749C4B4BD4A}.Debug|x64.ActiveCfg = Debug|x64
		{C2802F8E-53BE-4D64-9DF8-7749C4B4BD4A}.Debug|x64.Build.0 = Debug|x64
		{C2802F8E-53BE-4D64-9DF8-7749C4B4BD4A}.Debug|x86.ActiveCfg = Debug|Win32
		{C2802F8E-53BE-4D64-9DF8-7749C4B4BD4A}.Debug|x86.Build.0 = Debug|Win32
		{C2802F8E-53BE-4D64-9DF8-7749C4B4BD4A}.Release|x64.ActiveCfg = Release|x64
		{C2802F8E-53BE-4D64-9DF8-7749C4B4BD4A}.Release|x64.Build.0 = Release|x64
		{C2802F8E-53BE-4D64-9DF8-7749C4B4BD4A}.Release|x86.ActiveCfg = Release|Win32
		{C2802F8E-53BE-4D64-9DF8-7749C4B4BD4A}.Release|x86.Build.0 = Release|Win32
		{A82B1641-A094-4752-85DC-5034A92F289D}.Debug|x64.ActiveCfg = Debug|x64
		{A82B1641-A094-4752-85DC-5034A92F289D}.Debug|x64.Build.0 = Debug|x64
		{A82B1641-A094-4752-85DC-5034A92F289D}.Debug|x86.ActiveCfg = Debug|Win32
		{A82B1641-A094-4752-85DC-5034A92F289D}.Debug|x86.Build.0 = Debug|Win32
		{A82B1641-A094-4752-85DC-5034A92F289D}.Release|x64.ActiveCfg = Release|x64
		{A82B1641-A094-4752-85DC-5034A92F289D}.Release|x64.Build.0 = Release|x64
		{A82B1641-A094-4752-85DC-5034A92F289D}.Release|x86.ActiveCfg = Release|Win32
		{A82B1641-A094-4752-85DC-5034A92F289D}.Release|x86.Build.0 = Release|Win32
		{C425AD40-8113-45FC-87F0-2079FF1E4589}.Debug|x64.ActiveCfg = Debug|x64
		{C425AD40-8113-45FC-87F0-2079FF1E4589}.Debug|x64.Build.0 = Debug|x64
		{C425AD40-8113-45FC-87F0-2079FF1E4589}.Debug|x86.ActiveCfg = Debug|Win32
		{C425AD40-8113-45FC-87F0-2079FF1E4589}.Debug|x86.Build.0 = Debug|Win32
		{C425AD40-8113-45FC-87F0-2079FF1E4589}.Release|x64.ActiveCfg = Release|x64
		{C425AD40-8113-45FC-87F0-2079FF1E4589}.Release|x64.Build.0 = Release|x64
		{C425AD40-8113-45FC-87F0-2079FF1E4589}.Release|x86.ActiveCfg = Release|Win32
		{C425AD40-8113-45FC-87F0-2079FF1E4589}.Release|x86.Build.0 = Release|Win32
		{8493647F-8185-433F-9A0A-44049F5EBB75}.Debug|x64.ActiveCfg = Debug|x64
		{8493647F-8185-433F-9A0A-44049F5EBB75}.Debug|x64.Build.0 = Debug|x64
		{8493647F-8185-433F-9A0A-44049F5EBB75}.Debug|x86.ActiveCfg = Debug|Win32
		{8493647F-8185-433F-9A0A-44049F5EBB75}.Debug|x86.Build.0 = Debug|Win32
		{8493647F-8185-433F-9A0A-44049F5EBB75}.Release|x64.ActiveCfg = Release|x64
		{8493647F-8185-433F-9A0A-44049F5EBB75}.Release|x64.Build.0 = Release|x64
		{8493647F-8185-433F-9A0A-44049F5EBB75}.Release|x86.ActiveCfg = Release|Win32
		{8493647F-8185-433F-9A0A-44049F5EBB75}.Release|x86.Build.0 = Release|Win32
		{91A230B2-37AB-469B-AC68-F85A41A92038}.Debug|x64.ActiveCfg = Debug|x64
		{91A230B2-37AB-469B-AC68-F85A41A92038}.Debug|x64.Build.0 = Debug|x64
		{91A230B2-37AB-469B-AC68-F85A41A92038}.Debug|x86.ActiveCfg = Debug|Win32
		{91A230B2-37AB-469B-AC68-F85A41A92038}.Debug|x86.Build.0 = Debug|Win32
		{91A230B2-37AB-469B-AC68-F85A41A92038}.Release|x64.ActiveCfg = Release|x64
		{91A230B2-37AB-469B-AC68-F85A41A92038}.Release|x64.Build.0 = Release|x64
		{91A230B2-37AB-469B-AC68-F85A41A92038}.Release|x86.ActiveCfg = Release|Win32
		{91A230B2-37AB-469B-AC68-F85A41A92038}.Release|x86.Build.0 = Release|Win32
		{173F171E-FC69-4224-AE9D-6B539C07CFD8}.Debug|x64.ActiveCfg = Debug|x64
		{173F171E-FC69-4224-AE9D-6B539C07CFD8}.Debug|x64.Build.0 = Debug|x64
		{173F171E-FC69-4224-AE9D-6B539C07CFD8}.Debug|x86.ActiveCfg = Debug|Win32
		{173F171E-FC69-4224-AE9D-6B539C07CFD8}.Debug|x86.Build.0 = Debug|Win32
		{173F171E-FC69-4224-AE9D-6B539C07CFD8}.Release|x64.ActiveCfg = Release|x64
		{173F171E-FC69-4224-AE9D-6B539C07CFD8}.Release|x64.Build.0 = Release|x64
		{173F171E-FC69-4224-AE9D-6B539C07CFD8}.Release|x86.ActiveCfg = Release|Win32
		{173F171E-FC69-4224-AE9D-6B539C07CFD8}.Release|x86.Build.0 = Release|Win32
		{DE9780F5-7605-4DF3-8573-0D8D8C124604}.Debug|x64.ActiveCfg = Debug|x64
		{DE9780F5-7605-4DF3-8573-0D8D8C124604}.Debug|x64.Build.0 = Debug|x64
		{DE9780F5-7605-4DF3-8573-0D8D8C124604}.Debug|x86.ActiveCfg = Debug|Win32
		{DE9780F5-7605-4DF3-8573-0D8D8C124604}.Debug|x86.Build.0 = Debug|Win32
		{DE9780F5-7605-4DF3-8573-0D8D8C124604}.Release|x64.ActiveCfg = Release|x64
		{DE9780F5-7605-4DF3-8573-0D8D8C124604}.Release|x64.Build.0 = Release|x64
		{DE9780F5-7605-4DF3-8573-0D8D8C124604}.Release|x86.ActiveCfg = Release|Win32
		{DE9780F5-7605-4DF3-8573-0D8D8C124604}.Release|x86.Build.0 = Release|Win32
		{C3F5749C-0900-41F9-B64B-1E94F3D2822E}.Debug|x64.ActiveCfg = Debug|x64
		{C3F5749C-0900-41F9-B64B-1E94F3D2822E}.Debug|x64.Build.0 = Debug|x64
		{C3F5749C-0900-41F9-B64B-1E94F3D2822E}.Debug|x86.ActiveCfg = Debug|Win32
		{C3F5749C-0900-41F9-B64B-1E94F3D2822E}.Debug|x86.Build.0 = Debug|Win32
		{C3F5749C-0900-41F9-B64B-1E94F3D2822E}.Release|x64.ActiveCfg = Release|x64
		{C3F5749C-0900-41F9-B64B-1E94F3D2822E}.Release|x64.Build.0 = Release|x64
		{C3F5749C-0900-41F9-B64B-1E94F3D2822E}.Release|x86.ActiveCfg = Release|Win32
		{C3F5749C-0900-41F9-B64B-1E94F3D2822E}.Release|x86.Build.0 = Release|Win32
		{53888FE1-F16E-43DA-8168-AB03C8D51C5B}.Debug|x64.ActiveCfg = Debug|x64
		{53888FE1-F16E-43DA-8168-AB03C8D51C5B}.Debug|x64.Build.0 = Debug|x64
		{53888FE1-F16E-43DA-8168-AB03C8D51C5B}.Debug|x86.ActiveCfg = Debug|Win32
		{53888FE1-F16E-43DA-8168-AB03C8D51C5B}.Debug|x86.Build.0 = Debug|Win32
		{53888FE1-F16E-43DA-8168-AB03C8D51C5B}.Release|x64.ActiveCfg = Release|x64
		{53888FE1-F16E-43DA-8168-AB03C8D51C5B}.Release|x64.Build.0 = Release|x64
		{53888FE1-F16E-43DA-8168-AB03C8D51C5B}.Release|x86.ActiveCfg = Release|Win32
		{53888FE1-F16E-43DA-8168-AB03C8D51C5B}.Release|x86.Build.0 = Release|Win32
		{93020CB8-A478-41D3-B802-0425FA8CF9AC}.Debug|x64.ActiveCfg = Debug|x64
		{93020CB8-A478-41D3-B802-0425FA8CF9AC}.Debug|x64.Build.0 = Debug|x64
		{93020CB8-A478-41D3-B802-0425FA8CF9AC}.Debug|x86.ActiveCfg = Debug|Win32
		{93020CB8-A478-41D3-B802-0425FA8CF9AC}.Debug|x86.Build.0 = Debug|Win32
		{93020CB8-A478-41D3-B802-0425FA8CF9AC}.Release|x64.ActiveCfg = Release|x64
		{93020CB8-A478-41D3-B802-0425FA8CF9AC}.Release|x64.Build.0 = Release|x64
		{93020CB8-A478-41D3-B802-0425FA8CF9AC}.Release|x86.ActiveCfg = Release|Win32
		{93020CB8-A478-41D3-B802-0425FA8CF9AC}.Release|x86.Build.0 = Release|Win32
		{0C666141-C2BB-41B0-9908-EB49F9B8BC92}.Debug|x64.ActiveCfg = Debug|x64
		{0C666141-C2BB-41B0-9908-EB49F9B8BC92}.Debug|x64.Build.0 = Debug|x64
		{0C666141-C2BB-41B0-9908-EB49F9B8BC92}.Debug|x86.ActiveCfg = Debug|Win32
		{0C666141-C2BB-41B0-9908-EB49F9B8BC92}.Debug|x86.Build.0 = Debug|Win32
		{0C666141-C2BB-41B0-9908-EB49F9B8BC92}.Release|x64.ActiveCfg = Release|x64
		{0C666141-C2BB-41B0-9908-EB49F9B8BC92}.Release|x64.Build.0 = Release|x64
		{0C666141-C2BB-41B0-9908-EB49F9B8BC92}.Release|x86.ActiveCfg = Release|Win32
		{0C666141-C2BB-41B0-9908-EB49F9B8BC92}.Release|x86.Build.0 = Release|Win32
		{73E1CA14-6306-4FB8-ACDA-9C28AFE5A738}.Debug|x64.ActiveCfg = Debug|x64
		{73E1CA14-6306-4FB8-ACDA-9C28AFE5A738}.Debug|x64.Build.0 = Debug|x64
		{73E1CA14-6306-4FB8-ACDA-9C28AFE5A738}.Debug|x86.ActiveCfg = Debug|Win32
		{73E1CA14-6306-4FB8-ACDA-9C28AFE5A738}.Debug|x86.Build.0 = Debug|Win32
		{73E1CA14-6306-4FB8-ACDA-9C28AFE5A738}.Release|x64.ActiveCfg = Release|x64
		{73E1CA14-6306-4FB8-ACDA-9C28AFE5A738}.Release|x64.Build.0 = Release|x64
		{73E1CA14-6306-4FB8-ACDA-9C28AFE5A738}.Release|x86.ActiveCfg = Release|Win32
		{73E1CA14-6306-4FB8-ACDA-9C28AFE5A738}.Release|x86.Build.0 = Release|Win32
		{E708CD0C-49C4-4E85-BD74-18B954E978E8}.Debug|x64.ActiveCfg = Debug|x64
		{E708CD0C-49C4-4E85-BD74-18B954E978E8}.Debug|x64.Build.0 = Debug|x64
		{E708CD0C-49C4-4E85-BD74-18B954E978E8}.Debug|x86.ActiveCfg = Debug|Win32
		{E708CD0C-49C4-4E85-BD74-18B954E978E8}.Debug|x86.Build.0 = Debug|Win32
		{E708CD0C-49C4-4E85-BD74-18B954E978E8}.Release|x64.ActiveCfg = Release|x64
		{E708CD0C-49C4-4E85-BD74-18B954E978E8}.Release|x64.Build.0 = Release|x64
		{E708CD0C-49C4-4E85-BD74-18B954E978E8}.Release|x86.ActiveCfg = Release|Win32
		{E708CD0C-49C4-4E85-BD74-18B954E978E8}.Release|x86.Build.0 = Release|Win32
		{EF7C95CD-CEA3-4E31-BF8E-221E967131D6}.Debug|x64.ActiveCfg = Debug|x64
		{EF7C95CD-CEA3-4E31-BF8E-221E967131D6}.Debug|x64.Build.0 = Debug|x64
		{EF7C95CD-CEA3-4E31-BF8E-221E967131D6}.Debug|x86.ActiveCfg = Debug|Win32
		{EF7C95CD-CEA3-4E31-BF8E-221E967131D6}.Debug|x86.Build.0 = Debug|Win32
		{EF7C95CD-CEA3-4E31-BF8E-221E967131D6}.Release|x64.ActiveCfg = Release|x64
		{EF7C95CD-CEA3-4E31-BF8E-221E967131D6}.Release|x64.Build.0 = Release|x64
		{EF7C95CD-CEA3-4E31-BF8E-221E967131D6}.Release|x86.ActiveCfg = Release|Win32
		{EF7C95CD-CEA3-4E31-BF8E-221E967131D6}.Release|x86.Build.0 = Release|Win32
		{723D534F-50DF-48F1-8217-E154D2514CBD}.Debug|x64.ActiveCfg = Debug|x64
		{723D534F-50DF-48F1-8217-E154D2514CBD}.Debug|x64.Build.0 = Debug|x64
		{723D534F-50DF-48F1-8217-E154D2514CBD}.Debug|x86.ActiveCfg = Debug|Win32
		{723D534F-50DF-48F1-8217-E154D2514CBD}.Debug|x86.Build.0 = Debug|Win32
		{723D534F-50DF-48F1-8217-E154D2514CBD}.Release|x64.ActiveCfg = Release|x64
		{723D534F-50DF-48F1-8217-E154D2514CBD}.Release|x64.Build.0 = Release|x64
		{723D534F-50DF-48F1-8217-E154D2514CBD}.Release|x86.ActiveCfg = Release|Win32
		{723D534F-50DF-48F1-8217-E154D2514CBD}.Release|x86.Build.0 = Release|Win32
		{C3776303-C9DF-4024-B2C8-0959F815997B}.Debug|x64.ActiveCfg = Debug|x64
		{C3776303-C9DF-4024-B2C8-0959F815997B}.Debug|x64.Build.0 = Debug|x64
		{C3776303-C9DF-4024-B2C8-0959F815997B}.Debug|x86.ActiveCfg = Debug|Win32
		{C3776303-C9DF-4024-B2C8-0959F815997B}.Debug|x86.Build.0 = Debug|Win32
		{C3776303-C9DF-4024-B2C8-0959F815997B}.Release|x64.ActiveCfg = Release|x64
		{C3776303-C9DF-4024-B2C8-0959F815997B}.Release|x64.Build.0 = Release|x64
		{C3776303-C9DF-4024-B2C8-0959F815997B}.Release|x86.ActiveCfg = Release|Win32
		{C3776303-C9DF-4024-B2C8-0959F815997B}.Release|x86.Build.0 = Release|Win32
		{482CBEC4-30F2-4C58-BE68-F24D86736A6E}.Debug|x64.ActiveCfg = Debug|x64
		{482CBEC4-30F2-4C58-BE68-F24D86736A6E}.Debug|x64.Build.0 = Debug|x64
		{482CBEC4-30F2-4C58-BE68-F24D86736A6E}.Debug|x86.ActiveCfg = Debug|Win32
		{482CBEC4-30F2-4C58-BE68-F24D86736A6E}.Debug|x86.Build.0 = Debug|Win32
		{482CBEC4-30F2-4C58-BE68-F24D86736A6E}.Release|x64.ActiveCfg = Release|x64
		{482CBEC4-30F2-4C58-BE68-F24D86736A6E}.Release|x64.Build.0 = Release|x64
		{482CBEC4-30F2-4C58-BE68-F24D86736A6E}.Release|x86.ActiveCfg = Release|Win32
		{482CBEC4-30F2-4C58-BE68-F24D86736A6E}.Release|x86.Build.0 = Release|Win32
		{033A3DA8-C5ED-488A-9CD5-164C7ED4E509}.Debug|x64.ActiveCfg = Debug|x64
		{033A3DA8-C5ED-488A-9CD5-164C7ED4E509}.Debug|x64.Build.0 = Debug|x64
		{033A3DA8-C5ED-488A-9CD5-164C7ED4E509}.Debug|x86.ActiveCfg = Debug|Win32
		{033A3DA8-C5ED-488A-9CD5-164C7ED4E509}.Debug|x86.Build.0 = Debug|Win32
		{033A3DA8-C5ED-488A-9CD5-164C7ED4E509}.Release|x64.ActiveCfg = Release|x64
		{033A3DA8-C5ED-488A-9CD5-164C7ED4E509}.Release|x64.Build.0 = Release|x64
		{033A3DA8-C5ED-488A-9CD5-164C7ED4E509}.Release|x86.ActiveCfg = Release|Win32
		{033A3DA8-C5ED-488A-9CD5-164C7ED4E509}.Release|x86.Build.0 = Release|Win32
		{8516B9CD-3EDC-4BC2-A07F-FFF86A224AE6}.Debug|x64.ActiveCfg = Debug|x64
		{8516B9CD-3EDC-4BC2-A07F-FFF86A224AE6}.Debug|x64.Build.0 = Debug|x64
		{8516B9CD-3EDC-4BC2-A07F-FFF86A224AE6}.Debug|x86.ActiveCfg = Debug|Win32
		{8516B9CD-3EDC-4BC2-A07F-FFF86A224AE6}.Debug|x86.Build.0 = Debug|Win32
		{8516B9CD-3EDC-4BC2-A07F-FFF86A224AE6}.Release|x64.ActiveCfg = Release|x64
		{8516B9CD-3EDC-4BC2-A07F-FFF86A224AE6}.Release|x64.Build.0 = Release|x64
		{8516B9CD-3EDC-4BC2-A07F-FFF86A224AE6}.Release|x86.ActiveCfg = Release|Win32
		{8516B9CD-3EDC-4BC2-A07F-FFF86A224AE6}.Release|x86.Build.0 = Release|Win32
		{91091246-81F5-463D-92C2-62237A5103BB}.Debug|x64.ActiveCfg = Debug|x64
		{91091246-81F5-463D-92C2-62237A5103BB}.Debug|x64.Build.0 = Debug|x64
		{91091246-81F5-463D-92C2-62237A5103BB}.Debug|x86.ActiveCfg = Debug|Win32
		{91091246-81F5-463D-92C2-62237A5103BB}.Debug|x86.Build.0 = Debug|Win32
		{91091246-81F5-463D-92C2-62237A5103BB}.Release|x64.ActiveCfg = Release|x64
		{91091246-81F5-463D-92C2-62237A5103BB}.Release|x64.Build.0 = Release|x64
		{91091246-81F5-463D-92C2-62237A5103BB}.Release|x86.ActiveCfg = Release|Win32
		{91091246-81F5-463D-92C2-62237A5103BB}.Release|x86.Build.0 = Release|Win32
		{594515BE-E7B5-431E-A423-22D2F30203B8}.Debug|x64.ActiveCfg = Debug|x64
		{594515BE-E7B5-431E-A423-22D2F30203B8}.Debug|x64.Build.0 = Debug|x64
		{594515BE-E7B5-431E-A423-22D2F30203B8}.Debug|x86.ActiveCfg = Debug|Win32
		{594515BE-E7B5-431E-A423-22D2F30203B8}.Debug|x86.Build.0 = Debug|Win32
		{594515BE-E7B5-431E-A423-22D2F30203B8}.Release|x64.ActiveCfg = Release|x64
		{594515BE-E7B5-431E-A423-22D2F30203B8}.Release|x64.Build.0 = Release|x64
		{594515BE-E7B5-431E-A423-22D2F30203B8}.Release|x86.ActiveCfg = Release|Win32
		{594515BE-E7B5-431E-A423-22D2F30203B8}.Release|x86.Build.0 = Release|Win32
		{222D4F4B-4252-4A66-949C-54A0DA0535A4}.Debug|x64.ActiveCfg = Debug|x64
		{222D4F4B-4252-4A66-949C-54A0DA0535A4}.Debug|x64.Build.0 = Debug|x64
		{222D4F4B-4252-4A66-949C-54A0DA0535A4}.Debug|x86.ActiveCfg = Debug|Win32
		{222D4F4B-4252-4A66-949C-54A0DA0535A4}.Debug|x86.Build.0 = Debug|Win32
		{222D4F4B-4252-4A66-949C-54A0DA0535A4}.Release|x64.ActiveCfg = Release|x64
		{222D4F4B-4252-4A66-949C-54A0DA0535A4}.Release|x64.Build.0 = Release|x64
		{222D4F4B-4252-4A66-949C-54A0DA0535A4}.Release|x86.ActiveCfg = Release|Win32
		{222D4F4B-4252-4A66-949C-54A0DA0535A4}.Release|x86.Build.0 = Release|Win32
		{28EB34EE-DC27-498B-9A53-6D7B35249021}.Debug|x64.ActiveCfg = Debug|x64
		{28EB34EE-DC27-498B-9A53-6D7B35249021}.Debug|x64.Build.0 = Debug|x64
		{28EB34EE-DC27-498B-9A53-6D7B35249021}.Debug|x86.ActiveCfg = Debug|Win32
		{28EB34EE-DC27-498B-9A53-6D7B35249021}.Debug|x86.Build.0 = Debug|Win32
		{28EB34EE-DC27-498B-9A53-6D7B35249021}.Release|x64.ActiveCfg = Release|x64
		{28EB34EE-DC27-498B-9A53-6D7B35249021}.Release|x64.Build.0 = Release|x64
		{28EB34EE-DC27-498B-9A53-6D7B35249021}.Release|x86.ActiveCfg = Release|Win32
		{28EB34EE-DC27-498B-9A53-6D7B35249021}.Release|x86.Build.0 = Release|Win32
		{4190A3D6-7642-4112-A0FC-AC5A3A09F982}.Debug|x64.ActiveCfg = Debug|x64
		{4190A3D6-7642-4112-A0FC-AC5A3A09F982}.Debug|x64.Build.0 = Debug|x64
		{4190A3D6-7642-4112-A0FC-AC5A3A09F982}.Debug|x86.ActiveCfg = Debug|Win32
		{4190A3D6-7642-4112-A0FC-AC5A3A09F982}.Debug|x86.Build.0 = Debug|Win32
		{4190A3D6-7642-4112-A0FC-AC5A3A09F982}.Release|x64.ActiveCfg = Release|x64
		{4190A3D6-7642-4112-A0FC-AC5A3A09F982}.Release|x64.Build.0 = Release|x64
		{4190A3D6-7642-4112-A0FC-AC5A3A09F982}.Release|x86.ActiveCfg = Release|Win32
		{4190A3D6-7642-4112-A0FC-AC5A3A09F982}.Release|x86.Build.0 = Release|Win32
		{1A3BCD0A-DAB6-4765-A514-A10F7FEC347F}.Debug|x64.ActiveCfg = Debug|x64
		{1A3BCD0A-DAB6-4765-A514-A10F7FEC347F}.Debug|x64.Build.0 = Debug|x64
		{1A3BCD0A-DAB6-4765-A514-A10F7FEC347F}.Debug|x86.ActiveCfg = Debug|Win32
		{1A3BCD0A-DAB6-4765-A514-A10F7FEC347F}.Debug|x86.Build.0 = Debug|Win32
		{1A3BCD0A-DAB6-4765-A514-A10F7FEC347F}.Release|x64.ActiveCfg = Release|x64
		{1A3BCD0A-DAB6-4765-A514-A10F7FEC347F}.Release|x64.Build.0 = Release|x64
		{1A3BCD0A-DAB6-4765-A514-A10F7FEC347F}.Release|x86.ActiveCfg = Release|Win32
		{1A3BCD0A-DAB6-4765-A514-A10F7FEC347F}.Release|x86.Build.0 = Release|Win32
		{A8C324AA-A22F-4DDB-A540-DB3439517857}.Debug|x64.ActiveCfg = Debug|x64
		{A8C324AA-A22F-4DDB-A540-DB3439517857}.Debug|x64.Build.0 = Debug|x64
		{A8C324AA-A22F-4DDB-A540-DB3439517857}.Debug|x86.ActiveCfg = Debug|Win32
		{A8C324AA-A22F-4DDB-A540-DB3439517857}.Debug|x86.Build.0 = Debug|Win32
		{A8C324AA-A22F-4DDB-A540-DB3439517857}.Release|x64.ActiveCfg = Release|x64
		{A8C324AA-A22F-4DDB-A540-DB3439517857}.Release|x64.Build.0 = Release|x64
		{A8C324AA-A22F-4DDB-A540-DB3439517857}.Release|x86.ActiveCfg = Release|Win32
		{A8C324AA-A22F-4DDB-A540-DB3439517857}.Release|x86.Build.0 = Release|Win32
		{7DF3418E-F004-41D0-BA1F-CB7FA4F6FD50}.Debug|x64.ActiveCfg = Debug|x64
		{7DF3418E-F004-41D0-BA1F-CB7FA4F6FD50}.Debug|x64.Build.0 = Debug|x64
		{7DF3418E-F004-41D0-BA1F-CB7FA4F6FD50}.Debug|x86.ActiveCfg = Debug|Win32
		{7DF3418E-F004-41D0-BA1F-CB7FA4F6FD50}.Debug|x86.Build.0 = Debug|Win32
		{7DF3418E-F004-41D0-BA1F-CB7FA4F6FD50}.Release|x64.ActiveCfg = Release|x64
		{7DF3418E-F004-41D0-BA1F-CB7FA4F6FD50}.Release|x64.Build.0 = Release|x64
		{7DF3418E-F004-41D0-BA1F-CB7FA4F6FD50}.Release|x86.ActiveCfg = Release|Win32
		{7DF3418E-F004-41D0-BA1F-CB7FA4F6FD50}.Release|x86.Build.0 = Release|Win32
		{B54A993E-26AC-4A0E-ADAE-E85B1E851634}.Debug|x64.ActiveCfg = Debug|x64
		{B54A993E-26AC-4A0E-ADAE-E85B1E851634}.Debug|x64.Build.0 = Debug|x64
		{B54A993E-26AC-4A0E-ADAE-E85B1E851634}.Debug|x86.ActiveCfg = Debug|Win32
		{B54A993E-26AC-4A0E-ADAE-E85B1E851634}.Debug|x86.Build.0 = Debug|Win32
		{B54A993E-26AC-4A0E-ADAE-E85B1E851634}.Release|x64.ActiveCfg = Release|x64
		{B54A993E-26AC-4A0E-ADAE-E85B1E851634}.Release|x64.Build.0 = Release|x64
		{B54A993E-26AC-4A0E-ADAE-E85B1E851634}.Release|x86.ActiveCfg = Release|Win32
		{B54A993E-26AC-4A0E-ADAE-E85B1E851634}.Release|x86.Build.0 = Release|Win32
		{5AD7C385-E1CA-4126-8E97-675EFFD1F6CC}.Debug|x64.ActiveCfg = Debug|x64
		{5AD7C385-E1CA-4126-8E97-675EFFD1F6CC}.Debug|x64.Build.0 = Debug|x64
		{5AD7C385-E1CA-4126-8E97-675EFFD1F6CC}.Debug|x86.ActiveCfg = Debug|Win32
		{5AD7C385-E1CA-4126-8E97-675EFFD1F6CC}.Debug|x86.Build.0 = Debug|Win32
		{5AD7C385-E1CA-4126-8E97-675EFFD1F6CC}.Release|x64.ActiveCfg = Release|x64
		{5AD7C385-E1CA-4126-8E97-675EFFD1F6CC}.Release|x64.Build.0 = Release|x64
		{5AD7C385-E1CA-4126-8E97-675EFFD1F6CC}.Release|x86.ActiveCfg = Release|Win32
		{5AD7C385-E1CA-4126-8E97-675EFFD1F6CC}.Release|x86.Build.0 = Release|Win32
	EndGlobalSection
	GlobalSection(SolutionProperties) = preSolution
		HideSolutionNode = FALSE
	EndGlobalSection
	GlobalSection(ExtensibilityGlobals) = postSolution
		SolutionGuid = {090A8773-E680-454F-AC2B-F5AE6F86F29A}
	EndGlobalSection
EndGlobal
